
Microsoft Visual Studio Solution File, Format Version 12.00
# Visual Studio Version 17
VisualStudioVersion = 17.1.32407.343
MinimumVisualStudioVersion = 10.0.40219.1
Project("{FAE04EC0-301F-11D3-BF4B-00C04F79EFBC}") = "ParaScriptEditor", "ParaScriptEditor\ParaScriptEditor.csproj", "{D0C4224B-ADC4-4959-8F8D-48EC414C4DE4}"
EndProject
Global
	GlobalSection(SolutionConfigurationPlatforms) = preSolution
		Debug|Any CPU = Debug|Any CPU
		Release|Any CPU = Release|Any CPU
	EndGlobalSection
	GlobalSection(ProjectConfigurationPlatforms) = postSolution
		{D0C4224B-ADC4-4959-8F8D-48EC414C4DE4}.Debug|Any CPU.ActiveCfg = Debug|Any CPU
		{D0C4224B-ADC4-4959-8F8D-48EC414C4DE4}.Debug|Any CPU.Build.0 = Debug|Any CPU
		{D0C4224B-ADC4-4959-8F8D-48EC414C4DE4}.Release|Any CPU.ActiveCfg = Release|Any CPU
		{D0C4224B-ADC4-4959-8F8D-48EC414C4DE4}.Release|Any CPU.Build.0 = Release|Any CPU
	EndGlobalSection
	GlobalSection(SolutionProperties) = preSolution
		HideSolutionNode = FALSE
	EndGlobalSection
	GlobalSection(ExtensibilityGlobals) = postSolution
		SolutionGuid = {908B615F-D202-4A33-813A-2835FEFE7799}
	EndGlobalSection
EndGlobal
